
Microsoft Visual Studio Solution File, Format Version 12.00
# Visual Studio Version 17
VisualStudioVersion = 17.0.31903.59
MinimumVisualStudioVersion = 10.0.40219.1
Project("{FAE04EC0-301F-11D3-BF4B-00C04F79EFBC}") = "CloudWeather.DataLoader", "CloudWeather.DataLoader\CloudWeather.DataLoader.csproj", "{199A91D9-FB61-4543-83C0-183131818FAD}"
EndProject
Project("{FAE04EC0-301F-11D3-BF4B-00C04F79EFBC}") = "CloudWeather.Precipitation", "CloudWeather.Precipitation\CloudWeather.Precipitation.csproj", "{7516BF17-3B5F-4D2C-9355-31111AB9448E}"
EndProject
Project("{FAE04EC0-301F-11D3-BF4B-00C04F79EFBC}") = "CloudWeather.Report", "CloudWeather.Report\CloudWeather.Report.csproj", "{9BB87D2F-06D5-4EC9-B167-F3AE151FA400}"
EndProject
Project("{FAE04EC0-301F-11D3-BF4B-00C04F79EFBC}") = "CloudWeather.Temperature", "CloudWeather.Temperature\CloudWeather.Temperature.csproj", "{06BCBFC3-CD0B-4FCD-9705-05EFFD36EEEF}"
EndProject
Global
	GlobalSection(SolutionConfigurationPlatforms) = preSolution
		Debug|Any CPU = Debug|Any CPU
		Release|Any CPU = Release|Any CPU
	EndGlobalSection
	GlobalSection(SolutionProperties) = preSolution
		HideSolutionNode = FALSE
	EndGlobalSection
	GlobalSection(ProjectConfigurationPlatforms) = postSolution
		{199A91D9-FB61-4543-83C0-183131818FAD}.Debug|Any CPU.ActiveCfg = Debug|Any CPU
		{199A91D9-FB61-4543-83C0-183131818FAD}.Debug|Any CPU.Build.0 = Debug|Any CPU
		{199A91D9-FB61-4543-83C0-183131818FAD}.Release|Any CPU.ActiveCfg = Release|Any CPU
		{199A91D9-FB61-4543-83C0-183131818FAD}.Release|Any CPU.Build.0 = Release|Any CPU
		{7516BF17-3B5F-4D2C-9355-31111AB9448E}.Debug|Any CPU.ActiveCfg = Debug|Any CPU
		{7516BF17-3B5F-4D2C-9355-31111AB9448E}.Debug|Any CPU.Build.0 = Debug|Any CPU
		{7516BF17-3B5F-4D2C-9355-31111AB9448E}.Release|Any CPU.ActiveCfg = Release|Any CPU
		{7516BF17-3B5F-4D2C-9355-31111AB9448E}.Release|Any CPU.Build.0 = Release|Any CPU
		{9BB87D2F-06D5-4EC9-B167-F3AE151FA400}.Debug|Any CPU.ActiveCfg = Debug|Any CPU
		{9BB87D2F-06D5-4EC9-B167-F3AE151FA400}.Debug|Any CPU.Build.0 = Debug|Any CPU
		{9BB87D2F-06D5-4EC9-B167-F3AE151FA400}.Release|Any CPU.ActiveCfg = Release|Any CPU
		{9BB87D2F-06D5-4EC9-B167-F3AE151FA400}.Release|Any CPU.Build.0 = Release|Any CPU
		{06BCBFC3-CD0B-4FCD-9705-05EFFD36EEEF}.Debug|Any CPU.ActiveCfg = Debug|Any CPU
		{06BCBFC3-CD0B-4FCD-9705-05EFFD36EEEF}.Debug|Any CPU.Build.0 = Debug|Any CPU
		{06BCBFC3-CD0B-4FCD-9705-05EFFD36EEEF}.Release|Any CPU.ActiveCfg = Release|Any CPU
		{06BCBFC3-CD0B-4FCD-9705-05EFFD36EEEF}.Release|Any CPU.Build.0 = Release|Any CPU
	EndGlobalSection
EndGlobal
